{
  "requires": true,
  "lockfileVersion": 1,
  "dependencies": {
    "vue-cal": {
      "version": "2.0.1",
      "resolved": "https://registry.npmjs.org/vue-cal/-/vue-cal-2.0.1.tgz",
      "integrity": "sha512-xrQmT9n/7xu1WcPFpS+UVv0K7yzMzliDHntdRoeiglFwCnZNIHV7V8XiGEiLXiNrMJthM8hcltjHSWuns9n4Hw=="
    }
  }
}
